
Microsoft Visual Studio Solution File, Format Version 12.00
# Visual Studio 15
VisualStudioVersion = 15.0.28307.271
MinimumVisualStudioVersion = 10.0.40219.1
Project("{FAE04EC0-301F-11D3-BF4B-00C04F79EFBC}") = "PrayerAPI", "PrayerAPI\PrayerAPI.csproj", "{834F228C-42A3-431A-87F6-D278BCA79925}"
EndProject
Global
	GlobalSection(SolutionConfigurationPlatforms) = preSolution
		Debug|Any CPU = Debug|Any CPU
		Release|Any CPU = Release|Any CPU
	EndGlobalSection
	GlobalSection(ProjectConfigurationPlatforms) = postSolution
		{834F228C-42A3-431A-87F6-D278BCA79925}.Debug|Any CPU.ActiveCfg = Debug|Any CPU
		{834F228C-42A3-431A-87F6-D278BCA79925}.Debug|Any CPU.Build.0 = Debug|Any CPU
		{834F228C-42A3-431A-87F6-D278BCA79925}.Release|Any CPU.ActiveCfg = Release|Any CPU
		{834F228C-42A3-431A-87F6-D278BCA79925}.Release|Any CPU.Build.0 = Release|Any CPU
	EndGlobalSection
	GlobalSection(SolutionProperties) = preSolution
		HideSolutionNode = FALSE
	EndGlobalSection
	GlobalSection(ExtensibilityGlobals) = postSolution
		SolutionGuid = {B57696E2-D376-4C76-9597-E89386DE7DED}
	EndGlobalSection
EndGlobal
